{
  "version": 1,
  "dependencies": {
    "net10.0": {
      "GitVersion.MsBuild": {
        "type": "Direct",
        "requested": "[6.8.2, )",
        "resolved": "6.8.2",
        "contentHash": "eTd8jUiogUXpVssFyDWWdMrPr5Cdc57tWaQ3Cv/eMIhnumOHZhDkc/wcy8hYU8aH7NS4VT2w/pHjVITDSTXMGw=="
      },
      "Microsoft.DotNet.ILCompiler": {
        "type": "Direct",
        "requested": "[10.0.0, )",
        "resolved": "10.0.0",
        "contentHash": "f9u8fMRROe2lS5MOOLutK6iSNTK9pC3kqd90FIn8Sk29fbZ0QDjZrBbwUkhouk/8dppC71SIEQaag0lGRTxvfA=="
      },
      "Microsoft.NET.ILLink.Tasks": {
        "type": "Direct",
        "requested": "[10.0.0, )",
        "resolved": "10.0.0",
        "contentHash": "kICGrGYEzCNI3wPzfEXcwNHgTvlvVn9yJDhSdRK+oZQy4jvYH529u7O0xf5ocQKzOMjfS07+3z9PKRIjrFMJDA=="
      },
      "BouncyCastle.Cryptography": {
        "type": "Transitive",
        "resolved": "2.7.0",
        "contentHash": "U+12df8UEWHgBi04YVf/Lgi2dy3SItlIYvHjjEVa/BngCQIzDCDRBk50DDByCfDvSbe5pRNFr3b7UrVK2kMcLw=="
      },
      "BrycensRanch.Aptabase.Core": {
        "type": "Transitive",
        "resolved": "0.2.5",
        "contentHash": "pOb3atYENmcyruY5jN8IGh52DVoM6nD4AUKdACXI/R4wZBQQpYEFAc+EitVCVwNp0BKhjuOvtQQVTJOk/lXL6A==",
        "dependencies": {
          "DotNext.Threading": "5.2.0",
          "Microsoft.Extensions.Logging": "8.0.0"
        }
      },
      "BrycensRanch.MegaApiClient": {
        "type": "Transitive",
        "resolved": "1.0.0",
        "contentHash": "45MMSphbEl6Rd7RMoTmznY5ph+dUInNX6Sbf1Md6oSxomUaH4zwlD6eAgI7X18yT1D8kP7rTXJgA3POnxDy/wg=="
      },
      "BrycensRanch.NeoSolve.ImageSharp.AVIF": {
        "type": "Transitive",
        "resolved": "1.4.0",
        "contentHash": "4Wcj4xHv4kbmTr5gha/KA1FwvzKNmigLn5DgAsNm8gRUViZvvgKYkYqF6kYr5sayKbGbftau0GtTh8ir3A1V0Q==",
        "dependencies": {
          "SixLabors.ImageSharp": "3.1.11"
        }
      },
      "BrycensRanch.RapidOcrNet": {
        "type": "Transitive",
        "resolved": "1.0.1",
        "contentHash": "cxSOuLVmEvU0vV1fszXrWDP7u2IKJvomWpJjs4Nyj+OfcJFJm/yIMvklKLpi9JlBNATHXsKaUqfoJjcDv4A1DQ==",
        "dependencies": {
          "Clipper2": "2.0.0",
          "Microsoft.Extensions.Logging.Console": "10.0.2",
          "Microsoft.ML.OnnxRuntime": "1.23.2",
          "Microsoft.ML.OnnxRuntime.Managed": "1.23.2",
          "SixLabors.ImageSharp": "3.1.12",
          "SixLabors.ImageSharp.Drawing": "2.1.7"
        }
      },
      "BrycensRanch.SnapXL.SnapXRust": {
        "type": "Transitive",
        "resolved": "1.0.1",
        "contentHash": "NRopmvbUmhQ2I7NpBEfov71aO2L0PXSFAqC4OSIwRsqKFW0t7f0r10Ot3L4Z+TC6QLD84HOMV28YpiAN11bwkg=="
      },
      "Clipper2": {
        "type": "Transitive",
        "resolved": "2.0.0",
        "contentHash": "2X23RZxJrjRjOSZc20aqXY9jpmHLekDRy4PIMfrsi2LPNzxFYlnuqzX/nLdk77fbURHUeX+gMhUn2a1z9/wMTQ=="
      },
      "Dapper": {
        "type": "Transitive",
        "resolved": "2.1.79",
        "contentHash": "8YijbzgTfmqmQOnVNorYM6K++pxqnW3nJ4aC1sRHzxUA2CcuoJ9gsTem3kgBnPRMc38zZHl4Esb6hAezXIEEuw=="
      },
      "Dapper.AOT": {
        "type": "Transitive",
        "resolved": "1.0.52",
        "contentHash": "2ZmljAW3tJ5wJZGva5ba2Tz9LMcvWMMl8O/NtpZ4GEBcnNbxCOMYFmhtbWnUBNADJLkDZp0lg5yTlu5Pg4i7xQ=="
      },
      "DotNext": {
        "type": "Transitive",
        "resolved": "5.2.0",
        "contentHash": "g0AXOQJ8JHa2eqe134a22XKSsIljzAyFu7rpYNkw53YsO9Xkb850U2UlwSzt4ZU9cI+MxJbXq2CpFCLL6xpeWA==",
        "dependencies": {
          "System.IO.Hashing": "8.0.0"
        }
      },
      "DotNext.Threading": {
        "type": "Transitive",
        "resolved": "5.2.0",
        "contentHash": "PxYzlrkZF43tyJ+n067FmZpVOyX1qMB2wcSwC6hxYBATaB8PpJ2IkMDwkXN63bETZJTg1oJGOjNjL1jjNZHn1g==",
        "dependencies": {
          "DotNext": "5.2.0"
        }
      },
      "FastCloner": {
        "type": "Transitive",
        "resolved": "3.5.6",
        "contentHash": "wevZap3CHlLnnJJv9NYQR2KgSUaBekqGV0RQiaq90xOiVySUyss15YPP2Nb2pYXrw6pja2Z39z8el4RrjljE+A=="
      },
      "FastCloner.SourceGenerator": {
        "type": "Transitive",
        "resolved": "1.2.4",
        "contentHash": "RFnkXKPY2yZia4nFZaSEqd4YbK37T1ouW+g9SovHjybTfG85gGi0+ezA6gaRdUetpFKc4+dtMTuw2gOhD+ArkQ=="
      },
      "FluentFTP": {
        "type": "Transitive",
        "resolved": "54.2.0",
        "contentHash": "n+OyaqU80gnOltXo2xBPZklAqbtxJAfl2GfblOIe5OCAk4jr/3zYW9Jf1fG6eR/USZq4AKWQcUMmKE9neSk8og=="
      },
      "Json.More.Net": {
        "type": "Transitive",
        "resolved": "3.0.1",
        "contentHash": "fRctF2J2SILYG6wqP21drmeEODmCVkVQ/b3MndDu2fT1swfySyUgq7ePCk+aENGlDcIm05fyfjh9vcuqDEfv3w=="
      },
      "JsonPath.Net": {
        "type": "Transitive",
        "resolved": "3.0.2",
        "contentHash": "Cmt2mvPYOLljjqSfM1xUYZYTPf8MPbwv2XpCpPxxq9u23/CGrz/fljgd1fJUNujd3+E1adNOyF1TLwppbyQwxg==",
        "dependencies": {
          "Json.More.Net": "3.0.1"
        }
      },
      "Microsoft.Data.Sqlite": {
        "type": "Transitive",
        "resolved": "10.0.11",
        "contentHash": "7je7UELzm131GiLYc4PpZvfKXIgIyzPM+v+tjcd/nbnuWRfgcONYKzDTqJlURxwVCFsVnlpmq6y6yn4qvR8QXQ==",
        "dependencies": {
          "Microsoft.Data.Sqlite.Core": "10.0.11",
          "SQLitePCLRaw.bundle_e_sqlite3": "2.1.12",
          "SQLitePCLRaw.core": "2.1.12"
        }
      },
      "Microsoft.Data.Sqlite.Core": {
        "type": "Transitive",
        "resolved": "10.0.11",
        "contentHash": "hubA20AGenQ4Sx0ElWaPpB8DISjXpdx463+1zOGRslsT0e/t/06ITv+pHsop8CcJ0d8PZLfgnT7juCDVD79Dkw==",
        "dependencies": {
          "SQLitePCLRaw.core": "2.1.12"
        }
      },
      "Microsoft.Diagnostics.NETCore.Client": {
        "type": "Transitive",
        "resolved": "0.2.510501",
        "contentHash": "juoqJYMDs+lRrrZyOkXXMImJHneCF23cuvO4waFRd2Ds7j+ZuGIPbJm0Y/zz34BdeaGiiwGWraMUlln05W1PCQ==",
        "dependencies": {
          "Microsoft.Extensions.Logging": "6.0.0"
        }
      },
      "Microsoft.Extensions.Configuration": {
        "type": "Transitive",
        "resolved": "10.0.11",
        "contentHash": "wlhRqZW8LcJPa+vk2oLAc/REXDItHtkFQdf/QcXYGZbZOO13izcsKY1pCvuFQYwUiZD+hwSZwsKASjqT+BNaVg==",
        "dependencies": {
          "Microsoft.Extensions.Configuration.Abstractions": "10.0.11",
          "Microsoft.Extensions.Primitives": "10.0.11"
        }
      },
      "Microsoft.Extensions.Configuration.Abstractions": {
        "type": "Transitive",
        "resolved": "10.0.11",
        "contentHash": "fVi053xdpda9Em7vSkmgVxO/PtgC2m78ekReKWsgcyskqY0U82Bz/MONwxpGzI0hElYKJfw+fupqMVeKW3fSaA==",
        "dependencies": {
          "Microsoft.Extensions.Primitives": "10.0.11"
        }
      },
      "Microsoft.Extensions.Configuration.Binder": {
        "type": "Transitive",
        "resolved": "10.0.2",
        "contentHash": "/SdW50prUuenglSy7MXU3eVQkOk4/J4fjc+GIhv4NkTmaZOQyTqpVAYi8nRjNtOKHzCy7g5cSlOSgkbT7clLwQ==",
        "dependencies": {
          "Microsoft.Extensions.Configuration": "10.0.2",
          "Microsoft.Extensions.Configuration.Abstractions": "10.0.2"
        }
      },
      "Microsoft.Extensions.Configuration.CommandLine": {
        "type": "Transitive",
        "resolved": "10.0.11",
        "contentHash": "1KHr/1L56llwQ/yI0tAisEA31UpPsn8aasjASIwELOaN4JIUcbjuQBMdFOIzfNBBeULoUa0XfBe5QDtRRUY+fg==",
        "dependencies": {
          "Microsoft.Extensions.Configuration": "10.0.11",
          "Microsoft.Extensions.Configuration.Abstractions": "10.0.11"
        }
      },
      "Microsoft.Extensions.Configuration.EnvironmentVariables": {
        "type": "Transitive",
        "resolved": "10.0.11",
        "contentHash": "KICyU3eVi5jvloKm01EXV69L97H/zkhISVtV98cIuzuFOxNx3xTUVcXqvWTz3aq7OvUuDB/MFlPFjmxRaKF7/A==",
        "dependencies": {
          "Microsoft.Extensions.Configuration": "10.0.11",
          "Microsoft.Extensions.Configuration.Abstractions": "10.0.11"
        }
      },
      "Microsoft.Extensions.DependencyInjection": {
        "type": "Transitive",
        "resolved": "10.0.2",
        "contentHash": "J/Zmp6fY93JbaiZ11ckWvcyxMPjD6XVwIHQXBjryTBgn7O6O20HYg9uVLFcZlNfgH78MnreE/7EH+hjfzn7VyA==",
        "dependencies": {
          "Microsoft.Extensions.DependencyInjection.Abstractions": "10.0.2"
        }
      },
      "Microsoft.Extensions.DependencyInjection.Abstractions": {
        "type": "Transitive",
        "resolved": "10.0.11",
        "contentHash": "/a1aJz4m7ylhEDf25ugQChLQoN5XwoGjWw/BoR/ZWWKsO1v4DdJElS1uyngahz4B/eOzjFk1KNTkarRLE5wsIg=="
      },
      "Microsoft.Extensions.Logging": {
        "type": "Transitive",
        "resolved": "10.0.2",
        "contentHash": "a0EWuBs6D3d7XMGroDXm+WsAi5CVVfjOJvyxurzWnuhBN9CO+1qHKcrKV1JK7H/T4ZtHIoVCOX/YyWM8K87qtw==",
        "dependencies": {
          "Microsoft.Extensions.DependencyInjection": "10.0.2",
          "Microsoft.Extensions.Logging.Abstractions": "10.0.2",
          "Microsoft.Extensions.Options": "10.0.2"
        }
      },
      "Microsoft.Extensions.Logging.Abstractions": {
        "type": "Transitive",
        "resolved": "10.0.11",
        "contentHash": "Ljd0Uxoq5XpScD2Bg0nM/r3mwx7Ao5Uq24eo2ARxbGvqJ7Zht6rt2cJtwVRH4Cv+1ZVMdXz6TB43KbpmsxRrvQ==",
        "dependencies": {
          "Microsoft.Extensions.DependencyInjection.Abstractions": "10.0.11"
        }
      },
      "Microsoft.Extensions.Logging.Configuration": {
        "type": "Transitive",
        "resolved": "10.0.2",
        "contentHash": "XVtNJfLZVTDmQS5RCUjIr7QEAgGhJ3yQ0L3PduN7rE4aijmqYl0pIF09ZSU8jgnxml91Mw59ze220g8S7anaOg==",
        "dependencies": {
          "Microsoft.Extensions.Configuration": "10.0.2",
          "Microsoft.Extensions.Configuration.Abstractions": "10.0.2",
          "Microsoft.Extensions.Configuration.Binder": "10.0.2",
          "Microsoft.Extensions.DependencyInjection.Abstractions": "10.0.2",
          "Microsoft.Extensions.Logging": "10.0.2",
          "Microsoft.Extensions.Logging.Abstractions": "10.0.2",
          "Microsoft.Extensions.Options": "10.0.2",
          "Microsoft.Extensions.Options.ConfigurationExtensions": "10.0.2"
        }
      },
      "Microsoft.Extensions.Logging.Console": {
        "type": "Transitive",
        "resolved": "10.0.2",
        "contentHash": "Z6gBfpHqJsz2hGH+eUQUQI+DSHsDNhTKt8toHAtDhYFRlxUN1FKPKzNmTgSrAz1gtDTOBjDU5lQZ50463Ehw7A==",
        "dependencies": {
          "Microsoft.Extensions.DependencyInjection.Abstractions": "10.0.2",
          "Microsoft.Extensions.Logging": "10.0.2",
          "Microsoft.Extensions.Logging.Abstractions": "10.0.2",
          "Microsoft.Extensions.Logging.Configuration": "10.0.2",
          "Microsoft.Extensions.Options": "10.0.2"
        }
      },
      "Microsoft.Extensions.Options": {
        "type": "Transitive",
        "resolved": "10.0.2",
        "contentHash": "1De2LJjmxdqopI5AYC5dIhoZQ79AR5ayywxNF1rXrXFtKQfbQOV9+n/IsZBa7qWlr0MqoGpW8+OY2v/57udZOA==",
        "dependencies": {
          "Microsoft.Extensions.DependencyInjection.Abstractions": "10.0.2",
          "Microsoft.Extensions.Primitives": "10.0.2"
        }
      },
      "Microsoft.Extensions.Options.ConfigurationExtensions": {
        "type": "Transitive",
        "resolved": "10.0.2",
        "contentHash": "8njGDg0OdDBM4Zox0ybuUOJZkQ8HcH49F+POZBlG+nsfzEyqOCHyHEkWeRVI62qsssiugUVEKqUttT1ZbV0aJQ==",
        "dependencies": {
          "Microsoft.Extensions.Configuration.Abstractions": "10.0.2",
          "Microsoft.Extensions.Configuration.Binder": "10.0.2",
          "Microsoft.Extensions.DependencyInjection.Abstractions": "10.0.2",
          "Microsoft.Extensions.Options": "10.0.2",
          "Microsoft.Extensions.Primitives": "10.0.2"
        }
      },
      "Microsoft.Extensions.Primitives": {
        "type": "Transitive",
        "resolved": "10.0.11",
        "contentHash": "SXcz+kF+4Oo9b1+55zntpJFYfwb1jw66ioxptyNOOTDc8g2FHnBFWjZpsWfCvZIhzr0x+4e2trVTs4OKwQfBtw=="
      },
      "Microsoft.ML.OnnxRuntime": {
        "type": "Transitive",
        "resolved": "1.23.2",
        "contentHash": "849xImRO0vxDH7DNlg/FAVGExKfjN1r2CIZevZGI5JQCoOj+0T23ShqPEgu5mLTwElot5X7V0qkO0jUz/yJZbA==",
        "dependencies": {
          "Microsoft.ML.OnnxRuntime.Managed": "1.23.2"
        }
      },
      "Microsoft.ML.OnnxRuntime.Managed": {
        "type": "Transitive",
        "resolved": "1.23.2",
        "contentHash": "HtlQuzmVrqhnkmwfmkQ+2re8xPxtVmeLRQaYSJ3pXfzKs4b36+yBfa/LnDuzfX1bGcyWn/McKxmbY87TCAmo1Q==",
        "dependencies": {
          "System.Numerics.Tensors": "9.0.0"
        }
      },
      "Sentry": {
        "type": "Transitive",
        "resolved": "6.9.0",
        "contentHash": "qQIvEwuvjAB6fDLVLLcDj/5f8n5jOyPyHjj3a/GQ1ogTLLQqsSxgQj1fEEquNT9HQuj4ZTyCg3c1DCBMUIvJGQ=="
      },
      "Sentry.Profiling": {
        "type": "Transitive",
        "resolved": "6.9.0",
        "contentHash": "VEyn+MaaW8RKdyKYyyaG4T6tKWg1kkFLeZdPn5utJ3Jzp3sWAKZtTfO9crqLISEomjZ40DTpi5V9ywH4mb8hUQ==",
        "dependencies": {
          "Microsoft.Diagnostics.NETCore.Client": "0.2.510501",
          "Sentry": "6.9.0"
        }
      },
      "Serilog": {
        "type": "Transitive",
        "resolved": "4.3.0",
        "contentHash": "+cDryFR0GRhsGOnZSKwaDzRRl4MupvJ42FhCE4zhQRVanX0Jpg6WuCBk59OVhVDPmab1bB+nRykAnykYELA9qQ=="
      },
      "Serilog.Extensions.Logging": {
        "type": "Transitive",
        "resolved": "10.0.0",
        "contentHash": "vx0kABKl2dWbBhhqAfTOk53/i8aV/5VaT3a6il9gn72Wqs2pM7EK2OB6No6xdqK2IaY6Zf9gdjLuK9BVa2rT+Q==",
        "dependencies": {
          "Microsoft.Extensions.Logging": "10.0.0",
          "Serilog": "4.2.0"
        }
      },
      "Serilog.Sinks.Console": {
        "type": "Transitive",
        "resolved": "6.1.1",
        "contentHash": "8jbqgjUyZlfCuSTaJk6lOca465OndqOz3KZP6Cryt/IqZYybyBu7GP0fE/AXBzrrQB3EBmQntBFAvMVz1COvAA==",
        "dependencies": {
          "Serilog": "4.0.0"
        }
      },
      "Serilog.Sinks.File": {
        "type": "Transitive",
        "resolved": "7.0.0",
        "contentHash": "fKL7mXv7qaiNBUC71ssvn/dU0k9t0o45+qm2XgKAlSt19xF+ijjxyA3R6HmCgfKEKwfcfkwWjayuQtRueZFkYw==",
        "dependencies": {
          "Serilog": "4.2.0"
        }
      },
      "Serilog.Sinks.InMemory": {
        "type": "Transitive",
        "resolved": "2.0.0",
        "contentHash": "4BbZBd8OBiMnNg4jFQ3YSC5CO0NaA1GBGwvI1Scoeq9zxZ8vQ6q2YLQuR3ndc0YzCfME2jtV8/IgvB5UaKGwGw==",
        "dependencies": {
          "Serilog": "4.3.0"
        }
      },
      "SimpleBase": {
        "type": "Transitive",
        "resolved": "5.6.4",
        "contentHash": "4z4S1zdoiE74e8gmdAesX9g6RUDPY+dE3VTFE1H8ueUHBgLHk/WVlFdt6iop3ZYKkbZrsr1ZH3/qxg+NF4CveQ=="
      },
      "SixLabors.Fonts": {
        "type": "Transitive",
        "resolved": "2.1.3",
        "contentHash": "ORWbZ5BHrC/LZvo+Y09MnoJq5VUKD85LsYALk+YI7CHFra+m5arCkz00IntDM6SrAiB22bvSdKtKmuCyHOKlqg=="
      },
      "SixLabors.ImageSharp": {
        "type": "Transitive",
        "resolved": "3.1.12",
        "contentHash": "iAg6zifihXEFS/t7fiHhZBGAdCp3FavsF4i2ZIDp0JfeYeDVzvmlbY1CNhhIKimaIzrzSi5M/NBFcWvZT2rB/A=="
      },
      "SixLabors.ImageSharp.Drawing": {
        "type": "Transitive",
        "resolved": "2.1.7",
        "contentHash": "9KwCo9Fa350cx6ckpsy8NqXQZKwir4RQ8Kj0sdCmJA7wsK9FMyfgC527Sn4l/D6bj2ditSHlhS7dGzcgGszvSQ==",
        "dependencies": {
          "SixLabors.Fonts": "2.1.3",
          "SixLabors.ImageSharp": "3.1.11"
        }
      },
      "SQLite": {
        "type": "Transitive",
        "resolved": "3.53.4",
        "contentHash": "KN7jeWqgUPeBRe1FlcpZURzxomuKKEKHmBBQfg+Nx7NkY1LjKhzHvH+3ASkNvhayESE34nMBinL9CV21JfPRJw=="
      },
      "SQLitePCLRaw.bundle_e_sqlite3": {
        "type": "Transitive",
        "resolved": "3.0.5",
        "contentHash": "SW8iASIyWMrLzqabUHYQRvALhvD4ylSBsj4PgEVGwc36kQjc9xT5kSV/XQ9rU7nIpBWD+LPyX3Hlw5FzyUzGeQ==",
        "dependencies": {
          "SQLite": "3.53.4",
          "SQLitePCLRaw.config.e_sqlite3": "3.0.5"
        }
      },
      "SQLitePCLRaw.config.e_sqlite3": {
        "type": "Transitive",
        "resolved": "3.0.5",
        "contentHash": "aSk8WE5tF2MybESMgtZAEyMVCAWA0nBqOMc48HFoa9UoSdtm3goDXVzNRnefeKIwE6bV9NaNXptn1F9ReMQI0Q==",
        "dependencies": {
          "SQLitePCLRaw.provider.e_sqlite3": "3.0.5"
        }
      },
      "SQLitePCLRaw.core": {
        "type": "Transitive",
        "resolved": "3.0.5",
        "contentHash": "k81AYXXRCw3Zj8rOhyBoCsx/U97KYDFI2CSKr/ijl5BwpsW/hX/4kBiDmerFaoust8nxBwa0IHQFw8MmSHRtnQ=="
      },
      "SQLitePCLRaw.provider.e_sqlite3": {
        "type": "Transitive",
        "resolved": "3.0.5",
        "contentHash": "um8YSWduhhuskTG2bHfZrBqMNQOydfU8pcseT+cu5RivOGyoUbCrGXxgoRNTmRYw2VbMWnEZVVFcneZT/5dsBg==",
        "dependencies": {
          "SQLitePCLRaw.core": "3.0.5"
        }
      },
      "SQLitePCLRaw.provider.sqlite3": {
        "type": "Transitive",
        "resolved": "3.0.5",
        "contentHash": "4g9cyaTdNeeOSKyBtF/jQ5677TVN4S353G8LxITQGzayAjtBc/p6/KbgrJOw8JoQFEBU4uH+x7ZLQpQlU3YCow==",
        "dependencies": {
          "SQLitePCLRaw.core": "3.0.5"
        }
      },
      "System.IO.Hashing": {
        "type": "Transitive",
        "resolved": "8.0.0",
        "contentHash": "ne1843evDugl0md7Fjzy6QjJrzsjh46ZKbhf8GwBXb5f/gw97J4bxMs0NQKifDuThh/f0bZ0e62NPl1jzTuRqA=="
      },
      "System.Numerics.Tensors": {
        "type": "Transitive",
        "resolved": "9.0.0",
        "contentHash": "hyJB4UlpAi19Xr9AXzu2NuagKC4lPfHObNMEAA0HmqFz2rX7wKgzeYzO/jM/eBHDhnUGFFEjk5cOoJaxqg5J4A=="
      },
      "Tmds.DBus.Protocol": {
        "type": "Transitive",
        "resolved": "0.95.0",
        "contentHash": "qsC7o0FVMB/j+3Zt0ppoORlpWticKsHMN5NFG6egiUz3yYspqiV/3TxSK9iuitg1w6IYbMcwelPkLgeE8T074w=="
      },
      "Tmds.Ssh": {
        "type": "Transitive",
        "resolved": "0.24.0",
        "contentHash": "AYoOnaMe11gyVaXf2C6n2f946f5uY4lBxqJgm51OOmcKbeXXZcK+FdRO3yPwPYmtevQqxGuu7lbj1xu8OrfCFw==",
        "dependencies": {
          "BouncyCastle.Cryptography": "2.7.0",
          "Microsoft.Extensions.Logging.Abstractions": "10.0.11"
        }
      },
      "Vecc.YamlDotNet.Analyzers.StaticGenerator": {
        "type": "Transitive",
        "resolved": "16.3.0",
        "contentHash": "sqG0i1keWeTVJIwFe2H5T4CdUa4E8dzw7PQ1QdYWMuGOWwFggb56UoexYpTDoc3zAVkZiBf5oCRETy+qP/wy+A=="
      },
      "Xdg.Directories": {
        "type": "Transitive",
        "resolved": "0.1.2",
        "contentHash": "Zhw6wmXwdLkhCvgBfVd9D8UL62IF2xnmbWDckQVoZMT9lBKCuVLwaVrkXhhJtP6pxcRaf7caauNCWOUngoPNsQ=="
      },
      "YamlDotNet": {
        "type": "Transitive",
        "resolved": "16.3.0",
        "contentHash": "SgMOdxbz8X65z8hraIs6hOEdnkH6hESTAIUa7viEngHOYaH+6q5XJmwr1+yb9vJpNQ19hCQY69xbFsLtXpobQA=="
      },
      "ZXing.Net": {
        "type": "Transitive",
        "resolved": "0.16.11",
        "contentHash": "OZfAVu88hl87BffQ+rlWCj/vLvAhhCK4QnFaoveeF/MY8SjHNSYBQ3qyUEWlPKNgBQGh1syXhCDg10vUnCsqkg=="
      },
      "ZXing.Net.Bindings.ImageSharp.V3": {
        "type": "Transitive",
        "resolved": "0.16.20",
        "contentHash": "mYN6NIMh78fucMfU4kdFbjFomp2S5czX99Zh4HAbBIfRJnw/kV8kYoiV3U2MlxSgvnv2NVVQ9lKmiRJqsuhU1A==",
        "dependencies": {
          "SixLabors.ImageSharp": "3.1.12",
          "ZXing.Net": "0.16.11"
        }
      },
      "snapx.commonui": {
        "type": "Project",
        "dependencies": {
          "SnapX.Core": "[0.5.0, )"
        }
      },
      "snapx.core": {
        "type": "Project",
        "dependencies": {
          "BrycensRanch.Aptabase.Core": "[0.2.5, )",
          "BrycensRanch.MegaApiClient": "[1.0.0, )",
          "BrycensRanch.NeoSolve.ImageSharp.AVIF": "[1.4.0, )",
          "BrycensRanch.RapidOcrNet": "[1.0.1, )",
          "BrycensRanch.SnapXL.SnapXRust": "[1.0.1, )",
          "Dapper": "[2.1.79, )",
          "Dapper.AOT": "[1.0.52, )",
          "FastCloner": "[3.5.6, )",
          "FastCloner.SourceGenerator": "[1.2.4, )",
          "FluentFTP": "[54.2.0, )",
          "JsonPath.Net": "[3.0.2, )",
          "Microsoft.Data.Sqlite": "[10.0.11, )",
          "Microsoft.Extensions.Configuration.CommandLine": "[10.0.11, )",
          "Microsoft.Extensions.Configuration.EnvironmentVariables": "[10.0.11, )",
          "SQLitePCLRaw.bundle_e_sqlite3": "[3.0.5, )",
          "SQLitePCLRaw.provider.sqlite3": "[3.0.5, )",
          "Sentry.Profiling": "[6.9.0, )",
          "Serilog.Extensions.Logging": "[10.0.0, )",
          "Serilog.Sinks.Console": "[6.1.1, )",
          "Serilog.Sinks.File": "[7.0.0, )",
          "Serilog.Sinks.InMemory": "[2.0.0, )",
          "SimpleBase": "[5.6.4, )",
          "SixLabors.ImageSharp": "[3.1.12, )",
          "SixLabors.ImageSharp.Drawing": "[2.1.7, )",
          "Tmds.DBus.Protocol": "[0.95.0, )",
          "Tmds.Ssh": "[0.24.0, )",
          "Vecc.YamlDotNet.Analyzers.StaticGenerator": "[16.3.0, )",
          "Xdg.Directories": "[0.1.2, )",
          "YamlDotNet": "[16.3.0, )",
          "ZXing.Net.Bindings.ImageSharp.V3": "[0.16.20, )"
        }
      }
    },
    "net10.0/linux-x64": {
      "Microsoft.DotNet.ILCompiler": {
        "type": "Direct",
        "requested": "[10.0.0, )",
        "resolved": "10.0.0",
        "contentHash": "f9u8fMRROe2lS5MOOLutK6iSNTK9pC3kqd90FIn8Sk29fbZ0QDjZrBbwUkhouk/8dppC71SIEQaag0lGRTxvfA==",
        "dependencies": {
          "runtime.linux-x64.Microsoft.DotNet.ILCompiler": "10.0.0"
        }
      },
      "BrycensRanch.NeoSolve.ImageSharp.AVIF": {
        "type": "Transitive",
        "resolved": "1.4.0",
        "contentHash": "4Wcj4xHv4kbmTr5gha/KA1FwvzKNmigLn5DgAsNm8gRUViZvvgKYkYqF6kYr5sayKbGbftau0GtTh8ir3A1V0Q==",
        "dependencies": {
          "SixLabors.ImageSharp": "3.1.11"
        }
      },
      "BrycensRanch.SnapXL.SnapXRust": {
        "type": "Transitive",
        "resolved": "1.0.1",
        "contentHash": "NRopmvbUmhQ2I7NpBEfov71aO2L0PXSFAqC4OSIwRsqKFW0t7f0r10Ot3L4Z+TC6QLD84HOMV28YpiAN11bwkg=="
      },
      "Microsoft.ML.OnnxRuntime": {
        "type": "Transitive",
        "resolved": "1.23.2",
        "contentHash": "849xImRO0vxDH7DNlg/FAVGExKfjN1r2CIZevZGI5JQCoOj+0T23ShqPEgu5mLTwElot5X7V0qkO0jUz/yJZbA==",
        "dependencies": {
          "Microsoft.ML.OnnxRuntime.Managed": "1.23.2"
        }
      },
      "runtime.linux-x64.Microsoft.DotNet.ILCompiler": {
        "type": "Transitive",
        "resolved": "10.0.0",
        "contentHash": "U8/8LXzurlGgIEmQLbk6mygKF/yJBN0P8ZxWkGHOAvOx0z7PUUE7a5kcKuGVfjKigD9wxJOli1cJIPW6r9/j3Q=="
      },
      "SQLite": {
        "type": "Transitive",
        "resolved": "3.53.4",
        "contentHash": "KN7jeWqgUPeBRe1FlcpZURzxomuKKEKHmBBQfg+Nx7NkY1LjKhzHvH+3ASkNvhayESE34nMBinL9CV21JfPRJw=="
      }
    }
  }
}